
Microsoft Visual Studio Solution File, Format Version 12.00
# Visual Studio 2015
Project("{FAE04EC0-301F-11D3-BF4B-00C04F79EFBC}") = "MoCap.CSharp", "MoCap.CSharp.csproj", "{6A8D8351-19C5-E96E-7348-C1582536C4D0}"
EndProject
Project("{FAE04EC0-301F-11D3-BF4B-00C04F79EFBC}") = "MoCap.CSharp.Editor", "MoCap.CSharp.Editor.csproj", "{1302FB75-B4D7-7A4F-FC59-AB883652AD0F}"
EndProject
Global
	GlobalSection(SolutionConfigurationPlatforms) = preSolution
		Debug|Any CPU = Debug|Any CPU
		Release|Any CPU = Release|Any CPU
	EndGlobalSection
	GlobalSection(ProjectConfigurationPlatforms) = postSolution
		{6A8D8351-19C5-E96E-7348-C1582536C4D0}.Debug|Any CPU.ActiveCfg = Debug|Any CPU
		{6A8D8351-19C5-E96E-7348-C1582536C4D0}.Debug|Any CPU.Build.0 = Debug|Any CPU
		{6A8D8351-19C5-E96E-7348-C1582536C4D0}.Release|Any CPU.ActiveCfg = Release|Any CPU
		{6A8D8351-19C5-E96E-7348-C1582536C4D0}.Release|Any CPU.Build.0 = Release|Any CPU
		{1302FB75-B4D7-7A4F-FC59-AB883652AD0F}.Debug|Any CPU.ActiveCfg = Debug|Any CPU
		{1302FB75-B4D7-7A4F-FC59-AB883652AD0F}.Debug|Any CPU.Build.0 = Debug|Any CPU
		{1302FB75-B4D7-7A4F-FC59-AB883652AD0F}.Release|Any CPU.ActiveCfg = Release|Any CPU
		{1302FB75-B4D7-7A4F-FC59-AB883652AD0F}.Release|Any CPU.Build.0 = Release|Any CPU
	EndGlobalSection
	GlobalSection(SolutionProperties) = preSolution
		HideSolutionNode = FALSE
	EndGlobalSection
EndGlobal
